
Microsoft Visual Studio Solution File, Format Version 12.00
# Visual Studio 15
VisualStudioVersion = 15.0.26730.15
MinimumVisualStudioVersion = 10.0.40219.1
Project("{9092AA53-FB77-4645-B42D-1CCCA6BD08BD}") = "App1", "App1\App1.njsproj", "{0BC70112-9BFD-4D57-B22F-92474ED5930B}"
EndProject
Global
	GlobalSection(SolutionConfigurationPlatforms) = preSolution
		Debug|Any CPU = Debug|Any CPU
		Release|Any CPU = Release|Any CPU
	EndGlobalSection
	GlobalSection(ProjectConfigurationPlatforms) = postSolution
		{0BC70112-9BFD-4D57-B22F-92474ED5930B}.Debug|Any CPU.ActiveCfg = Debug|Any CPU
		{0BC70112-9BFD-4D57-B22F-92474ED5930B}.Debug|Any CPU.Build.0 = Debug|Any CPU
		{0BC70112-9BFD-4D57-B22F-92474ED5930B}.Release|Any CPU.ActiveCfg = Release|Any CPU
		{0BC70112-9BFD-4D57-B22F-92474ED5930B}.Release|Any CPU.Build.0 = Release|Any CPU
	EndGlobalSection
	GlobalSection(SolutionProperties) = preSolution
		HideSolutionNode = FALSE
	EndGlobalSection
	GlobalSection(ExtensibilityGlobals) = postSolution
		SolutionGuid = {1ED0CE77-AD19-42D1-A172-D28D68F3B323}
	EndGlobalSection
EndGlobal
